
Microsoft Visual Studio Solution File, Format Version 12.00
# Visual Studio Version 17
VisualStudioVersion = 17.11.35327.3
MinimumVisualStudioVersion = 10.0.40219.1
Project("{FAE04EC0-301F-11D3-BF4B-00C04F79EFBC}") = "WebUIAutomation.NUnit_Tests", "WebUIAutomation.NUnit\WebUIAutomation.NUnit_Tests.csproj", "{9748802E-630D-4081-9E6D-BACD2E610BA9}"
EndProject
Project("{FAE04EC0-301F-11D3-BF4B-00C04F79EFBC}") = "WebUIAutomation.Shared", "WebUIAutomation.Shared\WebUIAutomation.Shared.csproj", "{548375CF-1A16-497C-BEF4-5002869246FD}"
EndProject
Project("{FAE04EC0-301F-11D3-BF4B-00C04F79EFBC}") = "WebUIAutomation.xUnit", "WebUIAutomation.xUnit\WebUIAutomation.xUnit.csproj", "{3DE32E5C-3A01-428B-A273-8C2CB460888D}"
EndProject
Global
	GlobalSection(SolutionConfigurationPlatforms) = preSolution
		Debug|Any CPU = Debug|Any CPU
		Release|Any CPU = Release|Any CPU
	EndGlobalSection
	GlobalSection(ProjectConfigurationPlatforms) = postSolution
		{9748802E-630D-4081-9E6D-BACD2E610BA9}.Debug|Any CPU.ActiveCfg = Debug|Any CPU
		{9748802E-630D-4081-9E6D-BACD2E610BA9}.Debug|Any CPU.Build.0 = Debug|Any CPU
		{9748802E-630D-4081-9E6D-BACD2E610BA9}.Release|Any CPU.ActiveCfg = Release|Any CPU
		{9748802E-630D-4081-9E6D-BACD2E610BA9}.Release|Any CPU.Build.0 = Release|Any CPU
		{548375CF-1A16-497C-BEF4-5002869246FD}.Debug|Any CPU.ActiveCfg = Debug|Any CPU
		{548375CF-1A16-497C-BEF4-5002869246FD}.Debug|Any CPU.Build.0 = Debug|Any CPU
		{548375CF-1A16-497C-BEF4-5002869246FD}.Release|Any CPU.ActiveCfg = Release|Any CPU
		{548375CF-1A16-497C-BEF4-5002869246FD}.Release|Any CPU.Build.0 = Release|Any CPU
		{3DE32E5C-3A01-428B-A273-8C2CB460888D}.Debug|Any CPU.ActiveCfg = Debug|Any CPU
		{3DE32E5C-3A01-428B-A273-8C2CB460888D}.Debug|Any CPU.Build.0 = Debug|Any CPU
		{3DE32E5C-3A01-428B-A273-8C2CB460888D}.Release|Any CPU.ActiveCfg = Release|Any CPU
		{3DE32E5C-3A01-428B-A273-8C2CB460888D}.Release|Any CPU.Build.0 = Release|Any CPU
	EndGlobalSection
	GlobalSection(SolutionProperties) = preSolution
		HideSolutionNode = FALSE
	EndGlobalSection
	GlobalSection(ExtensibilityGlobals) = postSolution
		SolutionGuid = {AA6E3DAE-7BE8-4ACE-B92D-69A5E712DCA0}
	EndGlobalSection
EndGlobal
